<?xml version="1.0" encoding="utf-8"?>
<Project ToolsVersion="4.0" xmlns:atg="http://atg.xbox.com" xmlns="http://schemas.microsoft.com/developer/msbuild/2003">
  <ItemGroup>
    <Filter Include="Resource Files">
      <UniqueIdentifier>{8e114980-c1a3-4ada-ad7c-83caadf5daeb}</UniqueIdentifier>
      <Extensions>rc;ico;cur;bmp;dlg;rc2;rct;bin;rgs;gif;jpg;jpeg;jpe</Extensions>
    </Filter>
    <Filter Include="DXUT">
      <UniqueIdentifier>{a43c5c25-0e86-4a20-b64a-883785ff74fd}</UniqueIdentifier>
    </Filter>
    <Filter Include="Shaders">
      <UniqueIdentifier>{2c3d4c8c-5d1a-459a-a05a-a4e4b608a44e}</UniqueIdentifier>
      <Extensions>fx;fxh;hlsl</Extensions>
    </Filter>
  </ItemGroup>
  <ItemGroup>
    <ClCompile Include="Titanic.cpp" />
    <ClCompile Include="Camera.cpp" />
    <ClCompile Include="MathHelper.cpp" />
    <ClCompile Include="GeometryGenerator.cpp" />
    <ClCompile Include="importer.cpp" />
    <ClCompile Include="Object.cpp" />
  </ItemGroup>
  <ItemGroup>
    <CLInclude Include="resource.h">
      <Filter>Resource Files</Filter>
    </CLInclude>
    <ResourceCompile Include="Tutorial0510.rc">
      <Filter>Resource Files</Filter>
    </ResourceCompile>
    <ClInclude Include="Camera.h" />
    <ClInclude Include="MathHelper.h" />
    <ClInclude Include="GeometryGenerator.h" />
    <ClInclude Include="importer.h" />
    <ClInclude Include="Object.h" />
    <ClInclude Include="struct.h" />
  </ItemGroup>
  <ItemGroup>
    <None Include="shaders.hlsl">
      <Filter>Shaders</Filter>
    </None>
  </ItemGroup>
</Project>